
Microsoft Visual Studio Solution File, Format Version 12.00
# Visual Studio Version 17
VisualStudioVersion = 17.2.32505.173
MinimumVisualStudioVersion = 10.0.40219.1
Project("{2150E333-8FDC-42A3-9474-1A3956D46DE8}") = "ShopManagment", "ShopManagment", "{08AF324A-7B99-47F9-99A6-8A4F6D83DDDB}"
EndProject
Project("{2150E333-8FDC-42A3-9474-1A3956D46DE8}") = "SM.Domain", "SM.Domain", "{4DAB05CE-2A10-4279-A4DA-D989E6363551}"
EndProject
Project("{9A19103F-16F7-4668-BE54-9A1E7A4F7556}") = "ShopManagment.Domain", "ShopManagment.Domain\ShopManagment.Domain.csproj", "{A50B768E-476D-4E19-AD15-ED7AC3690850}"
EndProject
Project("{9A19103F-16F7-4668-BE54-9A1E7A4F7556}") = "0_FrameWork", "0_FrameWork\0_FrameWork.csproj", "{C365DCDD-1B5B-4C6F-A560-4B1588FA9C82}"
EndProject
Project("{2150E333-8FDC-42A3-9474-1A3956D46DE8}") = "SM.Application", "SM.Application", "{9910DFD9-2BBF-4FD4-9978-6FDEA5E43683}"
EndProject
Project("{9A19103F-16F7-4668-BE54-9A1E7A4F7556}") = "ShopManagment.Application.Contracts", "ShopManagment.Application.Contracts\ShopManagment.Application.Contracts.csproj", "{A5FB842F-97B1-4F9D-B223-2A5C55FAC087}"
EndProject
Project("{9A19103F-16F7-4668-BE54-9A1E7A4F7556}") = "ShopManagment.Application", "ShopManagment.Application\ShopManagment.Application.csproj", "{625A6CCC-EAFD-490F-8A90-CD5DF58ACA12}"
EndProject
Project("{2150E333-8FDC-42A3-9474-1A3956D46DE8}") = "SM.Infrastructure", "SM.Infrastructure", "{C7F67712-5B7F-4356-9346-98D303469C37}"
EndProject
Project("{9A19103F-16F7-4668-BE54-9A1E7A4F7556}") = "ShopManagement.Infrastructure.EFCore", "ShopManagement.Infrastructure.EFCore\ShopManagement.Infrastructure.EFCore.csproj", "{4E209F37-A4EA-429C-BDDB-ABEA5A0959A5}"
EndProject
Project("{9A19103F-16F7-4668-BE54-9A1E7A4F7556}") = "ShopManagement.Configuration", "ShopManagement.Configuration\ShopManagement.Configuration.csproj", "{647F1F7B-3402-427C-8DFE-E9F6C2F5456B}"
EndProject
Project("{9A19103F-16F7-4668-BE54-9A1E7A4F7556}") = "ServiceHost", "ServiceHost\ServiceHost.csproj", "{3A55673C-21C9-4DBF-AFA6-A72FDAF06BD3}"
EndProject
Project("{FAE04EC0-301F-11D3-BF4B-00C04F79EFBC}") = "01_LampQuery", "01_LampQuery\01_LampQuery.csproj", "{B75309CD-8FBD-4FE1-A453-75C16CAC32A6}"
EndProject
Project("{2150E333-8FDC-42A3-9474-1A3956D46DE8}") = "DiscountManagment", "DiscountManagment", "{02EA681E-C7D8-13C7-8484-4AC65E1B71E8}"
EndProject
Project("{2150E333-8FDC-42A3-9474-1A3956D46DE8}") = "DM.Domain", "DM.Domain", "{EE5D065A-408F-404D-8F39-F23AED12740B}"
EndProject
Project("{FAE04EC0-301F-11D3-BF4B-00C04F79EFBC}") = "DiscountManagment.Domain", "DiscountManagment.Domain\DiscountManagment.Domain.csproj", "{6F0944C6-5AE5-4A39-901E-7281EC349355}"
EndProject
Project("{2150E333-8FDC-42A3-9474-1A3956D46DE8}") = "DM.Application", "DM.Application", "{F41E3AC9-BF4D-4655-BC86-89E6B95342E9}"
EndProject
Project("{FAE04EC0-301F-11D3-BF4B-00C04F79EFBC}") = "DiscountManagment.Application.Contract", "DiscountManagment.Application.Contract\DiscountManagment.Application.Contract.csproj", "{81737459-BAB3-42FC-8B87-A3D0C813FA5D}"
EndProject
Project("{FAE04EC0-301F-11D3-BF4B-00C04F79EFBC}") = "DiscountManagment.Application", "DiscountManagment.Application\DiscountManagment.Application.csproj", "{4384BB41-9B39-4A50-8A26-14DB6F78F64B}"
EndProject
Project("{2150E333-8FDC-42A3-9474-1A3956D46DE8}") = "DM.Infrastructure", "DM.Infrastructure", "{C701F6EE-647D-487B-9B13-EC2846C705CC}"
EndProject
Project("{FAE04EC0-301F-11D3-BF4B-00C04F79EFBC}") = "DiscountManagement.Infrastructure.EFCore", "DiscountManagement.Infrastructure.EFCore\DiscountManagement.Infrastructure.EFCore.csproj", "{CBA222ED-AE11-47DC-873D-EA5E20AA6518}"
EndProject
Project("{FAE04EC0-301F-11D3-BF4B-00C04F79EFBC}") = "DiscountManagement.Configuration", "DiscountManagement.Configuration\DiscountManagement.Configuration.csproj", "{E69CBEC8-9AC4-4503-AC8E-0AF357027E41}"
EndProject
Global
	GlobalSection(SolutionConfigurationPlatforms) = preSolution
		Debug|Any CPU = Debug|Any CPU
		Release|Any CPU = Release|Any CPU
	EndGlobalSection
	GlobalSection(ProjectConfigurationPlatforms) = postSolution
		{A50B768E-476D-4E19-AD15-ED7AC3690850}.Debug|Any CPU.ActiveCfg = Debug|Any CPU
		{A50B768E-476D-4E19-AD15-ED7AC3690850}.Debug|Any CPU.Build.0 = Debug|Any CPU
		{A50B768E-476D-4E19-AD15-ED7AC3690850}.Release|Any CPU.ActiveCfg = Release|Any CPU
		{A50B768E-476D-4E19-AD15-ED7AC3690850}.Release|Any CPU.Build.0 = Release|Any CPU
		{C365DCDD-1B5B-4C6F-A560-4B1588FA9C82}.Debug|Any CPU.ActiveCfg = Debug|Any CPU
		{C365DCDD-1B5B-4C6F-A560-4B1588FA9C82}.Debug|Any CPU.Build.0 = Debug|Any CPU
		{C365DCDD-1B5B-4C6F-A560-4B1588FA9C82}.Release|Any CPU.ActiveCfg = Release|Any CPU
		{C365DCDD-1B5B-4C6F-A560-4B1588FA9C82}.Release|Any CPU.Build.0 = Release|Any CPU
		{A5FB842F-97B1-4F9D-B223-2A5C55FAC087}.Debug|Any CPU.ActiveCfg = Debug|Any CPU
		{A5FB842F-97B1-4F9D-B223-2A5C55FAC087}.Debug|Any CPU.Build.0 = Debug|Any CPU
		{A5FB842F-97B1-4F9D-B223-2A5C55FAC087}.Release|Any CPU.ActiveCfg = Release|Any CPU
		{A5FB842F-97B1-4F9D-B223-2A5C55FAC087}.Release|Any CPU.Build.0 = Release|Any CPU
		{625A6CCC-EAFD-490F-8A90-CD5DF58ACA12}.Debug|Any CPU.ActiveCfg = Debug|Any CPU
		{625A6CCC-EAFD-490F-8A90-CD5DF58ACA12}.Debug|Any CPU.Build.0 = Debug|Any CPU
		{625A6CCC-EAFD-490F-8A90-CD5DF58ACA12}.Release|Any CPU.ActiveCfg = Release|Any CPU
		{625A6CCC-EAFD-490F-8A90-CD5DF58ACA12}.Release|Any CPU.Build.0 = Release|Any CPU
		{4E209F37-A4EA-429C-BDDB-ABEA5A0959A5}.Debug|Any CPU.ActiveCfg = Debug|Any CPU
		{4E209F37-A4EA-429C-BDDB-ABEA5A0959A5}.Debug|Any CPU.Build.0 = Debug|Any CPU
		{4E209F37-A4EA-429C-BDDB-ABEA5A0959A5}.Release|Any CPU.ActiveCfg = Release|Any CPU
		{4E209F37-A4EA-429C-BDDB-ABEA5A0959A5}.Release|Any CPU.Build.0 = Release|Any CPU
		{647F1F7B-3402-427C-8DFE-E9F6C2F5456B}.Debug|Any CPU.ActiveCfg = Debug|Any CPU
		{647F1F7B-3402-427C-8DFE-E9F6C2F5456B}.Debug|Any CPU.Build.0 = Debug|Any CPU
		{647F1F7B-3402-427C-8DFE-E9F6C2F5456B}.Release|Any CPU.ActiveCfg = Release|Any CPU
		{647F1F7B-3402-427C-8DFE-E9F6C2F5456B}.Release|Any CPU.Build.0 = Release|Any CPU
		{3A55673C-21C9-4DBF-AFA6-A72FDAF06BD3}.Debug|Any CPU.ActiveCfg = Debug|Any CPU
		{3A55673C-21C9-4DBF-AFA6-A72FDAF06BD3}.Debug|Any CPU.Build.0 = Debug|Any CPU
		{3A55673C-21C9-4DBF-AFA6-A72FDAF06BD3}.Release|Any CPU.ActiveCfg = Release|Any CPU
		{3A55673C-21C9-4DBF-AFA6-A72FDAF06BD3}.Release|Any CPU.Build.0 = Release|Any CPU
		{B75309CD-8FBD-4FE1-A453-75C16CAC32A6}.Debug|Any CPU.ActiveCfg = Debug|Any CPU
		{B75309CD-8FBD-4FE1-A453-75C16CAC32A6}.Debug|Any CPU.Build.0 = Debug|Any CPU
		{B75309CD-8FBD-4FE1-A453-75C16CAC32A6}.Release|Any CPU.ActiveCfg = Release|Any CPU
		{B75309CD-8FBD-4FE1-A453-75C16CAC32A6}.Release|Any CPU.Build.0 = Release|Any CPU
		{6F0944C6-5AE5-4A39-901E-7281EC349355}.Debug|Any CPU.ActiveCfg = Debug|Any CPU
		{6F0944C6-5AE5-4A39-901E-7281EC349355}.Debug|Any CPU.Build.0 = Debug|Any CPU
		{6F0944C6-5AE5-4A39-901E-7281EC349355}.Release|Any CPU.ActiveCfg = Release|Any CPU
		{6F0944C6-5AE5-4A39-901E-7281EC349355}.Release|Any CPU.Build.0 = Release|Any CPU
		{81737459-BAB3-42FC-8B87-A3D0C813FA5D}.Debug|Any CPU.ActiveCfg = Debug|Any CPU
		{81737459-BAB3-42FC-8B87-A3D0C813FA5D}.Debug|Any CPU.Build.0 = Debug|Any CPU
		{81737459-BAB3-42FC-8B87-A3D0C813FA5D}.Release|Any CPU.ActiveCfg = Release|Any CPU
		{81737459-BAB3-42FC-8B87-A3D0C813FA5D}.Release|Any CPU.Build.0 = Release|Any CPU
		{4384BB41-9B39-4A50-8A26-14DB6F78F64B}.Debug|Any CPU.ActiveCfg = Debug|Any CPU
		{4384BB41-9B39-4A50-8A26-14DB6F78F64B}.Debug|Any CPU.Build.0 = Debug|Any CPU
		{4384BB41-9B39-4A50-8A26-14DB6F78F64B}.Release|Any CPU.ActiveCfg = Release|Any CPU
		{4384BB41-9B39-4A50-8A26-14DB6F78F64B}.Release|Any CPU.Build.0 = Release|Any CPU
		{CBA222ED-AE11-47DC-873D-EA5E20AA6518}.Debug|Any CPU.ActiveCfg = Debug|Any CPU
		{CBA222ED-AE11-47DC-873D-EA5E20AA6518}.Debug|Any CPU.Build.0 = Debug|Any CPU
		{CBA222ED-AE11-47DC-873D-EA5E20AA6518}.Release|Any CPU.ActiveCfg = Release|Any CPU
		{CBA222ED-AE11-47DC-873D-EA5E20AA6518}.Release|Any CPU.Build.0 = Release|Any CPU
		{E69CBEC8-9AC4-4503-AC8E-0AF357027E41}.Debug|Any CPU.ActiveCfg = Debug|Any CPU
		{E69CBEC8-9AC4-4503-AC8E-0AF357027E41}.Debug|Any CPU.Build.0 = Debug|Any CPU
		{E69CBEC8-9AC4-4503-AC8E-0AF357027E41}.Release|Any CPU.ActiveCfg = Release|Any CPU
		{E69CBEC8-9AC4-4503-AC8E-0AF357027E41}.Release|Any CPU.Build.0 = Release|Any CPU
	EndGlobalSection
	GlobalSection(SolutionProperties) = preSolution
		HideSolutionNode = FALSE
	EndGlobalSection
	GlobalSection(NestedProjects) = preSolution
		{4DAB05CE-2A10-4279-A4DA-D989E6363551} = {08AF324A-7B99-47F9-99A6-8A4F6D83DDDB}
		{A50B768E-476D-4E19-AD15-ED7AC3690850} = {4DAB05CE-2A10-4279-A4DA-D989E6363551}
		{9910DFD9-2BBF-4FD4-9978-6FDEA5E43683} = {08AF324A-7B99-47F9-99A6-8A4F6D83DDDB}
		{A5FB842F-97B1-4F9D-B223-2A5C55FAC087} = {9910DFD9-2BBF-4FD4-9978-6FDEA5E43683}
		{625A6CCC-EAFD-490F-8A90-CD5DF58ACA12} = {9910DFD9-2BBF-4FD4-9978-6FDEA5E43683}
		{C7F67712-5B7F-4356-9346-98D303469C37} = {08AF324A-7B99-47F9-99A6-8A4F6D83DDDB}
		{4E209F37-A4EA-429C-BDDB-ABEA5A0959A5} = {C7F67712-5B7F-4356-9346-98D303469C37}
		{647F1F7B-3402-427C-8DFE-E9F6C2F5456B} = {C7F67712-5B7F-4356-9346-98D303469C37}
		{EE5D065A-408F-404D-8F39-F23AED12740B} = {02EA681E-C7D8-13C7-8484-4AC65E1B71E8}
		{6F0944C6-5AE5-4A39-901E-7281EC349355} = {EE5D065A-408F-404D-8F39-F23AED12740B}
		{F41E3AC9-BF4D-4655-BC86-89E6B95342E9} = {02EA681E-C7D8-13C7-8484-4AC65E1B71E8}
		{81737459-BAB3-42FC-8B87-A3D0C813FA5D} = {F41E3AC9-BF4D-4655-BC86-89E6B95342E9}
		{4384BB41-9B39-4A50-8A26-14DB6F78F64B} = {F41E3AC9-BF4D-4655-BC86-89E6B95342E9}
		{C701F6EE-647D-487B-9B13-EC2846C705CC} = {02EA681E-C7D8-13C7-8484-4AC65E1B71E8}
		{CBA222ED-AE11-47DC-873D-EA5E20AA6518} = {C701F6EE-647D-487B-9B13-EC2846C705CC}
		{E69CBEC8-9AC4-4503-AC8E-0AF357027E41} = {C701F6EE-647D-487B-9B13-EC2846C705CC}
	EndGlobalSection
	GlobalSection(ExtensibilityGlobals) = postSolution
		SolutionGuid = {8BEF416D-3B15-4EAE-ABA1-9CD8F440FD5A}
	EndGlobalSection
EndGlobal
